// !$*UTF8*$!
{
	archiveVersion = 1;
	classes = {
	};
	objectVersion = 51;
	objects = {

/* Begin PBXBuildFile section */
		4C0310512518ACEE002A38B0 /* AppDelegate.swift in Sources */ = {isa = PBXBuildFile; fileRef = 4C0310502518ACEE002A38B0 /* AppDelegate.swift */; };
		4C0310532518ACEE002A38B0 /* SceneDelegate.swift in Sources */ = {isa = PBXBuildFile; fileRef = 4C0310522518ACEE002A38B0 /* SceneDelegate.swift */; };
		4C0310582518ACEE002A38B0 /* Main.storyboard in Resources */ = {isa = PBXBuildFile; fileRef = 4C0310562518ACEE002A38B0 /* Main.storyboard */; };
		4C03105A2518ACF3002A38B0 /* Assets.xcassets in Resources */ = {isa = PBXBuildFile; fileRef = 4C0310592518ACF3002A38B0 /* Assets.xcassets */; };
		4C03105D2518ACF3002A38B0 /* LaunchScreen.storyboard in Resources */ = {isa = PBXBuildFile; fileRef = 4C03105B2518ACF3002A38B0 /* LaunchScreen.storyboard */; };
		4C0310682518ACF3002A38B0 /* GifSearchingAppTests.swift in Sources */ = {isa = PBXBuildFile; fileRef = 4C0310672518ACF3002A38B0 /* GifSearchingAppTests.swift */; };
		4C03107E2518C728002A38B0 /* SearchVC.swift in Sources */ = {isa = PBXBuildFile; fileRef = 4C03107D2518C728002A38B0 /* SearchVC.swift */; };
		4C0310802518C9D4002A38B0 /* UIView+Extension.swift in Sources */ = {isa = PBXBuildFile; fileRef = 4C03107F2518C9D4002A38B0 /* UIView+Extension.swift */; };
		4C0310822518CFF8002A38B0 /* SearchVC+Textfield.swift in Sources */ = {isa = PBXBuildFile; fileRef = 4C0310812518CFF8002A38B0 /* SearchVC+Textfield.swift */; };
		4C0310842518E00B002A38B0 /* GifCVCell.swift in Sources */ = {isa = PBXBuildFile; fileRef = 4C0310832518E00B002A38B0 /* GifCVCell.swift */; };
		4C0310862518E03C002A38B0 /* SearchVC + CollectionView.swift in Sources */ = {isa = PBXBuildFile; fileRef = 4C0310852518E03C002A38B0 /* SearchVC + CollectionView.swift */; };
		4C0310882518FA29002A38B0 /* UIViewController+Extension.swift in Sources */ = {isa = PBXBuildFile; fileRef = 4C0310872518FA29002A38B0 /* UIViewController+Extension.swift */; };
		4C03108A2518FC42002A38B0 /* HttpResponseCode.swift in Sources */ = {isa = PBXBuildFile; fileRef = 4C0310892518FC42002A38B0 /* HttpResponseCode.swift */; };
		4C03108C2518FEA9002A38B0 /* APIService.swift in Sources */ = {isa = PBXBuildFile; fileRef = 4C03108B2518FEA9002A38B0 /* APIService.swift */; };
		615524686F0417AF0BE85EC3 /* Pods_GifSearchingAppTests.framework in Frameworks */ = {isa = PBXBuildFile; fileRef = 22EB9D377D98FDCE4F5EDB9A /* Pods_GifSearchingAppTests.framework */; };
		92D87B549720F776C4C9C9FB /* Pods_GifSearchingApp.framework in Frameworks */ = {isa = PBXBuildFile; fileRef = 0976BAA313D0A8EDDF33B15B /* Pods_GifSearchingApp.framework */; };
/* End PBXBuildFile section */

/* Begin PBXContainerItemProxy section */
		4C0310642518ACF3002A38B0 /* PBXContainerItemProxy */ = {
			isa = PBXContainerItemProxy;
			containerPortal = 4C0310452518ACEE002A38B0 /* Project object */;
			proxyType = 1;
			remoteGlobalIDString = 4C03104C2518ACEE002A38B0;
			remoteInfo = GifSearchingApp;
		};
/* End PBXContainerItemProxy section */

/* Begin PBXFileReference section */
		0976BAA313D0A8EDDF33B15B /* Pods_GifSearchingApp.framework */ = {isa = PBXFileReference; explicitFileType = wrapper.framework; includeInIndex = 0; path = Pods_GifSearchingApp.framework; sourceTree = BUILT_PRODUCTS_DIR; };
		22EB9D377D98FDCE4F5EDB9A /* Pods_GifSearchingAppTests.framework */ = {isa = PBXFileReference; explicitFileType = wrapper.framework; includeInIndex = 0; path = Pods_GifSearchingAppTests.framework; sourceTree = BUILT_PRODUCTS_DIR; };
		4B3F052B5830172B5C713533 /* Pods-GifSearchingAppTests.release.xcconfig */ = {isa = PBXFileReference; includeInIndex = 1; lastKnownFileType = text.xcconfig; name = "Pods-GifSearchingAppTests.release.xcconfig"; path = "Target Support Files/Pods-GifSearchingAppTests/Pods-GifSearchingAppTests.release.xcconfig"; sourceTree = "<group>"; };
		4C03104D2518ACEE002A38B0 /* GifSearchingApp.app */ = {isa = PBXFileReference; explicitFileType = wrapper.application; includeInIndex = 0; path = GifSearchingApp.app; sourceTree = BUILT_PRODUCTS_DIR; };
		4C0310502518ACEE002A38B0 /* AppDelegate.swift */ = {isa = PBXFileReference; lastKnownFileType = sourcecode.swift; path = AppDelegate.swift; sourceTree = "<group>"; };
		4C0310522518ACEE002A38B0 /* SceneDelegate.swift */ = {isa = PBXFileReference; lastKnownFileType = sourcecode.swift; path = SceneDelegate.swift; sourceTree = "<group>"; };
		4C0310572518ACEE002A38B0 /* Base */ = {isa = PBXFileReference; lastKnownFileType = file.storyboard; name = Base; path = Base.lproj/Main.storyboard; sourceTree = "<group>"; };
		4C0310592518ACF3002A38B0 /* Assets.xcassets */ = {isa = PBXFileReference; lastKnownFileType = folder.assetcatalog; path = Assets.xcassets; sourceTree = "<group>"; };
		4C03105C2518ACF3002A38B0 /* Base */ = {isa = PBXFileReference; lastKnownFileType = file.storyboard; name = Base; path = Base.lproj/LaunchScreen.storyboard; sourceTree = "<group>"; };
		4C03105E2518ACF3002A38B0 /* Info.plist */ = {isa = PBXFileReference; lastKnownFileType = text.plist.xml; path = Info.plist; sourceTree = "<group>"; };
		4C0310632518ACF3002A38B0 /* GifSearchingAppTests.xctest */ = {isa = PBXFileReference; explicitFileType = wrapper.cfbundle; includeInIndex = 0; path = GifSearchingAppTests.xctest; sourceTree = BUILT_PRODUCTS_DIR; };
		4C0310672518ACF3002A38B0 /* GifSearchingAppTests.swift */ = {isa = PBXFileReference; lastKnownFileType = sourcecode.swift; path = GifSearchingAppTests.swift; sourceTree = "<group>"; };
		4C0310692518ACF3002A38B0 /* Info.plist */ = {isa = PBXFileReference; lastKnownFileType = text.plist.xml; path = Info.plist; sourceTree = "<group>"; };
		4C03107D2518C728002A38B0 /* SearchVC.swift */ = {isa = PBXFileReference; lastKnownFileType = sourcecode.swift; path = SearchVC.swift; sourceTree = "<group>"; };
		4C03107F2518C9D4002A38B0 /* UIView+Extension.swift */ = {isa = PBXFileReference; lastKnownFileType = sourcecode.swift; path = "UIView+Extension.swift"; sourceTree = "<group>"; };
		4C0310812518CFF8002A38B0 /* SearchVC+Textfield.swift */ = {isa = PBXFileReference; lastKnownFileType = sourcecode.swift; path = "SearchVC+Textfield.swift"; sourceTree = "<group>"; };
		4C0310832518E00B002A38B0 /* GifCVCell.swift */ = {isa = PBXFileReference; lastKnownFileType = sourcecode.swift; path = GifCVCell.swift; sourceTree = "<group>"; };
		4C0310852518E03C002A38B0 /* SearchVC + CollectionView.swift */ = {isa = PBXFileReference; lastKnownFileType = sourcecode.swift; path = "SearchVC + CollectionView.swift"; sourceTree = "<group>"; };
		4C0310872518FA29002A38B0 /* UIViewController+Extension.swift */ = {isa = PBXFileReference; lastKnownFileType = sourcecode.swift; path = "UIViewController+Extension.swift"; sourceTree = "<group>"; };
		4C0310892518FC42002A38B0 /* HttpResponseCode.swift */ = {isa = PBXFileReference; lastKnownFileType = sourcecode.swift; path = HttpResponseCode.swift; sourceTree = "<group>"; };
		4C03108B2518FEA9002A38B0 /* APIService.swift */ = {isa = PBXFileReference; lastKnownFileType = sourcecode.swift; path = APIService.swift; sourceTree = "<group>"; };
		AA2902CF7E1748310867F140 /* Pods-GifSearchingApp.debug.xcconfig */ = {isa = PBXFileReference; includeInIndex = 1; lastKnownFileType = text.xcconfig; name = "Pods-GifSearchingApp.debug.xcconfig"; path = "Target Support Files/Pods-GifSearchingApp/Pods-GifSearchingApp.debug.xcconfig"; sourceTree = "<group>"; };
		C5B155986A2B61B4332AFEB8 /* Pods-GifSearchingApp.release.xcconfig */ = {isa = PBXFileReference; includeInIndex = 1; lastKnownFileType = text.xcconfig; name = "Pods-GifSearchingApp.release.xcconfig"; path = "Target Support Files/Pods-GifSearchingApp/Pods-GifSearchingApp.release.xcconfig"; sourceTree = "<group>"; };
		FF6CD996E96EF35467F5C372 /* Pods-GifSearchingAppTests.debug.xcconfig */ = {isa = PBXFileReference; includeInIndex = 1; lastKnownFileType = text.xcconfig; name = "Pods-GifSearchingAppTests.debug.xcconfig"; path = "Target Support Files/Pods-GifSearchingAppTests/Pods-GifSearchingAppTests.debug.xcconfig"; sourceTree = "<group>"; };
/* End PBXFileReference section */

/* Begin PBXFrameworksBuildPhase section */
		4C03104A2518ACEE002A38B0 /* Frameworks */ = {
			isa = PBXFrameworksBuildPhase;
			buildActionMask = 2147483647;
			files = (
				92D87B549720F776C4C9C9FB /* Pods_GifSearchingApp.framework in Frameworks */,
			);
			runOnlyForDeploymentPostprocessing = 0;
		};
		4C0310602518ACF3002A38B0 /* Frameworks */ = {
			isa = PBXFrameworksBuildPhase;
			buildActionMask = 2147483647;
			files = (
				615524686F0417AF0BE85EC3 /* Pods_GifSearchingAppTests.framework in Frameworks */,
			);
			runOnlyForDeploymentPostprocessing = 0;
		};
/* End PBXFrameworksBuildPhase section */

/* Begin PBXGroup section */
		4BE184B30A9C401EF96AAD09 /* Frameworks */ = {
			isa = PBXGroup;
			children = (
				0976BAA313D0A8EDDF33B15B /* Pods_GifSearchingApp.framework */,
				22EB9D377D98FDCE4F5EDB9A /* Pods_GifSearchingAppTests.framework */,
			);
			name = Frameworks;
			sourceTree = "<group>";
		};
		4C0310442518ACEE002A38B0 = {
			isa = PBXGroup;
			children = (
				4C03104F2518ACEE002A38B0 /* GifSearchingApp */,
				4C0310662518ACF3002A38B0 /* GifSearchingAppTests */,
				4C03104E2518ACEE002A38B0 /* Products */,
				E6BBEC9386AE8C176D7E756C /* Pods */,
				4BE184B30A9C401EF96AAD09 /* Frameworks */,
			);
			sourceTree = "<group>";
		};
		4C03104E2518ACEE002A38B0 /* Products */ = {
			isa = PBXGroup;
			children = (
				4C03104D2518ACEE002A38B0 /* GifSearchingApp.app */,
				4C0310632518ACF3002A38B0 /* GifSearchingAppTests.xctest */,
			);
			name = Products;
			sourceTree = "<group>";
		};
		4C03104F2518ACEE002A38B0 /* GifSearchingApp */ = {
			isa = PBXGroup;
			children = (
				4C0310722518AF39002A38B0 /* Resources */,
				4C0310732518AF4D002A38B0 /* Sources */,
				4C0310742518AF5E002A38B0 /* Utils */,
				4C0310752518AF68002A38B0 /* SupportingFiles */,
			);
			path = GifSearchingApp;
			sourceTree = "<group>";
		};
		4C0310662518ACF3002A38B0 /* GifSearchingAppTests */ = {
			isa = PBXGroup;
			children = (
				4C0310672518ACF3002A38B0 /* GifSearchingAppTests.swift */,
				4C0310692518ACF3002A38B0 /* Info.plist */,
			);
			path = GifSearchingAppTests;
			sourceTree = "<group>";
		};
		4C0310722518AF39002A38B0 /* Resources */ = {
			isa = PBXGroup;
			children = (
				4C03107B2518B318002A38B0 /* Extensions */,
				4C03107C2518B329002A38B0 /* Network */,
				4C0310592518ACF3002A38B0 /* Assets.xcassets */,
			);
			path = Resources;
			sourceTree = "<group>";
		};
		4C0310732518AF4D002A38B0 /* Sources */ = {
			isa = PBXGroup;
			children = (
				4C0310762518AF91002A38B0 /* Storyboard */,
				4C0310772518AF9C002A38B0 /* ViewController */,
				4C0310782518AFA4002A38B0 /* View */,
				4C0310792518AFAA002A38B0 /* Model */,
				4C03107A2518B22C002A38B0 /* Service */,
			);
			path = Sources;
			sourceTree = "<group>";
		};
		4C0310742518AF5E002A38B0 /* Utils */ = {
			isa = PBXGroup;
			children = (
			);
			path = Utils;
			sourceTree = "<group>";
		};
		4C0310752518AF68002A38B0 /* SupportingFiles */ = {
			isa = PBXGroup;
			children = (
				4C0310502518ACEE002A38B0 /* AppDelegate.swift */,
				4C0310522518ACEE002A38B0 /* SceneDelegate.swift */,
				4C03105E2518ACF3002A38B0 /* Info.plist */,
			);
			path = SupportingFiles;
			sourceTree = "<group>";
		};
		4C0310762518AF91002A38B0 /* Storyboard */ = {
			isa = PBXGroup;
			children = (
				4C03105B2518ACF3002A38B0 /* LaunchScreen.storyboard */,
				4C0310562518ACEE002A38B0 /* Main.storyboard */,
			);
			path = Storyboard;
			sourceTree = "<group>";
		};
		4C0310772518AF9C002A38B0 /* ViewController */ = {
			isa = PBXGroup;
			children = (
				4C03107D2518C728002A38B0 /* SearchVC.swift */,
				4C0310812518CFF8002A38B0 /* SearchVC+Textfield.swift */,
				4C0310852518E03C002A38B0 /* SearchVC + CollectionView.swift */,
			);
			path = ViewController;
			sourceTree = "<group>";
		};
		4C0310782518AFA4002A38B0 /* View */ = {
			isa = PBXGroup;
			children = (
				4C0310832518E00B002A38B0 /* GifCVCell.swift */,
			);
			path = View;
			sourceTree = "<group>";
		};
		4C0310792518AFAA002A38B0 /* Model */ = {
			isa = PBXGroup;
			children = (
			);
			path = Model;
			sourceTree = "<group>";
		};
		4C03107A2518B22C002A38B0 /* Service */ = {
			isa = PBXGroup;
			children = (
			);
			path = Service;
			sourceTree = "<group>";
		};
		4C03107B2518B318002A38B0 /* Extensions */ = {
			isa = PBXGroup;
			children = (
				4C03107F2518C9D4002A38B0 /* UIView+Extension.swift */,
				4C0310872518FA29002A38B0 /* UIViewController+Extension.swift */,
			);
			path = Extensions;
			sourceTree = "<group>";
		};
		4C03107C2518B329002A38B0 /* Network */ = {
			isa = PBXGroup;
			children = (
				4C0310892518FC42002A38B0 /* HttpResponseCode.swift */,
				4C03108B2518FEA9002A38B0 /* APIService.swift */,
			);
			path = Network;
			sourceTree = "<group>";
		};
		E6BBEC9386AE8C176D7E756C /* Pods */ = {
			isa = PBXGroup;
			children = (
				AA2902CF7E1748310867F140 /* Pods-GifSearchingApp.debug.xcconfig */,
				C5B155986A2B61B4332AFEB8 /* Pods-GifSearchingApp.release.xcconfig */,
				FF6CD996E96EF35467F5C372 /* Pods-GifSearchingAppTests.debug.xcconfig */,
				4B3F052B5830172B5C713533 /* Pods-GifSearchingAppTests.release.xcconfig */,
			);
			path = Pods;
			sourceTree = "<group>";
		};
/* End PBXGroup section */

/* Begin PBXNativeTarget section */
		4C03104C2518ACEE002A38B0 /* GifSearchingApp */ = {
			isa = PBXNativeTarget;
			buildConfigurationList = 4C03106C2518ACF3002A38B0 /* Build configuration list for PBXNativeTarget "GifSearchingApp" */;
			buildPhases = (
				6E7F05201F496A8FEB59B1AC /* [CP] Check Pods Manifest.lock */,
				4C0310492518ACEE002A38B0 /* Sources */,
				4C03104A2518ACEE002A38B0 /* Frameworks */,
				4C03104B2518ACEE002A38B0 /* Resources */,
				50F387B29CD15F364EA65439 /* [CP] Embed Pods Frameworks */,
			);
			buildRules = (
			);
			dependencies = (
			);
			name = GifSearchingApp;
			productName = GifSearchingApp;
			productReference = 4C03104D2518ACEE002A38B0 /* GifSearchingApp.app */;
			productType = "com.apple.product-type.application";
		};
		4C0310622518ACF3002A38B0 /* GifSearchingAppTests */ = {
			isa = PBXNativeTarget;
			buildConfigurationList = 4C03106F2518ACF3002A38B0 /* Build configuration list for PBXNativeTarget "GifSearchingAppTests" */;
			buildPhases = (
				036518E99DFDD58CDBF45BF6 /* [CP] Check Pods Manifest.lock */,
				4C03105F2518ACF3002A38B0 /* Sources */,
				4C0310602518ACF3002A38B0 /* Frameworks */,
				4C0310612518ACF3002A38B0 /* Resources */,
			);
			buildRules = (
			);
			dependencies = (
				4C0310652518ACF3002A38B0 /* PBXTargetDependency */,
			);
			name = GifSearchingAppTests;
			productName = GifSearchingAppTests;
			productReference = 4C0310632518ACF3002A38B0 /* GifSearchingAppTests.xctest */;
			productType = "com.apple.product-type.bundle.unit-test";
		};
/* End PBXNativeTarget section */

/* Begin PBXProject section */
		4C0310452518ACEE002A38B0 /* Project object */ = {
			isa = PBXProject;
			attributes = {
				LastSwiftUpdateCheck = 1160;
				LastUpgradeCheck = 1160;
				ORGANIZATIONNAME = "조윤영";
				TargetAttributes = {
					4C03104C2518ACEE002A38B0 = {
						CreatedOnToolsVersion = 11.6;
					};
					4C0310622518ACF3002A38B0 = {
						CreatedOnToolsVersion = 11.6;
						TestTargetID = 4C03104C2518ACEE002A38B0;
					};
				};
			};
			buildConfigurationList = 4C0310482518ACEE002A38B0 /* Build configuration list for PBXProject "GifSearchingApp" */;
			compatibilityVersion = "Xcode 9.3";
			developmentRegion = en;
			hasScannedForEncodings = 0;
			knownRegions = (
				en,
				Base,
			);
			mainGroup = 4C0310442518ACEE002A38B0;
			productRefGroup = 4C03104E2518ACEE002A38B0 /* Products */;
			projectDirPath = "";
			projectRoot = "";
			targets = (
				4C03104C2518ACEE002A38B0 /* GifSearchingApp */,
				4C0310622518ACF3002A38B0 /* GifSearchingAppTests */,
			);
		};
/* End PBXProject section */

/* Begin PBXResourcesBuildPhase section */
		4C03104B2518ACEE002A38B0 /* Resources */ = {
			isa = PBXResourcesBuildPhase;
			buildActionMask = 2147483647;
			files = (
				4C03105D2518ACF3002A38B0 /* LaunchScreen.storyboard in Resources */,
				4C03105A2518ACF3002A38B0 /* Assets.xcassets in Resources */,
				4C0310582518ACEE002A38B0 /* Main.storyboard in Resources */,
			);
			runOnlyForDeploymentPostprocessing = 0;
		};
		4C0310612518ACF3002A38B0 /* Resources */ = {
			isa = PBXResourcesBuildPhase;
			buildActionMask = 2147483647;
			files = (
			);
			runOnlyForDeploymentPostprocessing = 0;
		};
/* End PBXResourcesBuildPhase section */

/* Begin PBXShellScriptBuildPhase section */
		036518E99DFDD58CDBF45BF6 /* [CP] Check Pods Manifest.lock */ = {
			isa = PBXShellScriptBuildPhase;
			buildActionMask = 2147483647;
			files = (
			);
			inputFileListPaths = (
			);
			inputPaths = (
				"${PODS_PODFILE_DIR_PATH}/Podfile.lock",
				"${PODS_ROOT}/Manifest.lock",
			);
			name = "[CP] Check Pods Manifest.lock";
			outputFileListPaths = (
			);
			outputPaths = (
				"$(DERIVED_FILE_DIR)/Pods-GifSearchingAppTests-checkManifestLockResult.txt",
			);
			runOnlyForDeploymentPostprocessing = 0;
			shellPath = /bin/sh;
			shellScript = "diff \"${PODS_PODFILE_DIR_PATH}/Podfile.lock\" \"${PODS_ROOT}/Manifest.lock\" > /dev/null\nif [ $? != 0 ] ; then\n    # print error to STDERR\n    echo \"error: The sandbox is not in sync with the Podfile.lock. Run 'pod install' or update your CocoaPods installation.\" >&2\n    exit 1\nfi\n# This output is used by Xcode 'outputs' to avoid re-running this script phase.\necho \"SUCCESS\" > \"${SCRIPT_OUTPUT_FILE_0}\"\n";
			showEnvVarsInLog = 0;
		};
		50F387B29CD15F364EA65439 /* [CP] Embed Pods Frameworks */ = {
			isa = PBXShellScriptBuildPhase;
			buildActionMask = 2147483647;
			files = (
			);
			inputFileListPaths = (
				"${PODS_ROOT}/Target Support Files/Pods-GifSearchingApp/Pods-GifSearchingApp-frameworks-${CONFIGURATION}-input-files.xcfilelist",
			);
			name = "[CP] Embed Pods Frameworks";
			outputFileListPaths = (
				"${PODS_ROOT}/Target Support Files/Pods-GifSearchingApp/Pods-GifSearchingApp-frameworks-${CONFIGURATION}-output-files.xcfilelist",
			);
			runOnlyForDeploymentPostprocessing = 0;
			shellPath = /bin/sh;
			shellScript = "\"${PODS_ROOT}/Target Support Files/Pods-GifSearchingApp/Pods-GifSearchingApp-frameworks.sh\"\n";
			showEnvVarsInLog = 0;
		};
		6E7F05201F496A8FEB59B1AC /* [CP] Check Pods Manifest.lock */ = {
			isa = PBXShellScriptBuildPhase;
			buildActionMask = 2147483647;
			files = (
			);
			inputFileListPaths = (
			);
			inputPaths = (
				"${PODS_PODFILE_DIR_PATH}/Podfile.lock",
				"${PODS_ROOT}/Manifest.lock",
			);
			name = "[CP] Check Pods Manifest.lock";
			outputFileListPaths = (
			);
			outputPaths = (
				"$(DERIVED_FILE_DIR)/Pods-GifSearchingApp-checkManifestLockResult.txt",
			);
			runOnlyForDeploymentPostprocessing = 0;
			shellPath = /bin/sh;
			shellScript = "diff \"${PODS_PODFILE_DIR_PATH}/Podfile.lock\" \"${PODS_ROOT}/Manifest.lock\" > /dev/null\nif [ $? != 0 ] ; then\n    # print error to STDERR\n    echo \"error: The sandbox is not in sync with the Podfile.lock. Run 'pod install' or update your CocoaPods installation.\" >&2\n    exit 1\nfi\n# This output is used by Xcode 'outputs' to avoid re-running this script phase.\necho \"SUCCESS\" > \"${SCRIPT_OUTPUT_FILE_0}\"\n";
			showEnvVarsInLog = 0;
		};
/* End PBXShellScriptBuildPhase section */

/* Begin PBXSourcesBuildPhase section */
		4C0310492518ACEE002A38B0 /* Sources */ = {
			isa = PBXSourcesBuildPhase;
			buildActionMask = 2147483647;
			files = (
				4C0310882518FA29002A38B0 /* UIViewController+Extension.swift in Sources */,
				4C03108A2518FC42002A38B0 /* HttpResponseCode.swift in Sources */,
				4C03107E2518C728002A38B0 /* SearchVC.swift in Sources */,
				4C0310512518ACEE002A38B0 /* AppDelegate.swift in Sources */,
				4C0310802518C9D4002A38B0 /* UIView+Extension.swift in Sources */,
				4C0310532518ACEE002A38B0 /* SceneDelegate.swift in Sources */,
				4C03108C2518FEA9002A38B0 /* APIService.swift in Sources */,
				4C0310862518E03C002A38B0 /* SearchVC + CollectionView.swift in Sources */,
				4C0310822518CFF8002A38B0 /* SearchVC+Textfield.swift in Sources */,
				4C0310842518E00B002A38B0 /* GifCVCell.swift in Sources */,
			);
			runOnlyForDeploymentPostprocessing = 0;
		};
		4C03105F2518ACF3002A38B0 /* Sources */ = {
			isa = PBXSourcesBuildPhase;
			buildActionMask = 2147483647;
			files = (
				4C0310682518ACF3002A38B0 /* GifSearchingAppTests.swift in Sources */,
			);
			runOnlyForDeploymentPostprocessing = 0;
		};
/* End PBXSourcesBuildPhase section */

/* Begin PBXTargetDependency section */
		4C0310652518ACF3002A38B0 /* PBXTargetDependency */ = {
			isa = PBXTargetDependency;
			target = 4C03104C2518ACEE002A38B0 /* GifSearchingApp */;
			targetProxy = 4C0310642518ACF3002A38B0 /* PBXContainerItemProxy */;
		};
/* End PBXTargetDependency section */

/* Begin PBXVariantGroup section */
		4C0310562518ACEE002A38B0 /* Main.storyboard */ = {
			isa = PBXVariantGroup;
			children = (
				4C0310572518ACEE002A38B0 /* Base */,
			);
			name = Main.storyboard;
			sourceTree = "<group>";
		};
		4C03105B2518ACF3002A38B0 /* LaunchScreen.storyboard */ = {
			isa = PBXVariantGroup;
			children = (
				4C03105C2518ACF3002A38B0 /* Base */,
			);
			name = LaunchScreen.storyboard;
			sourceTree = "<group>";
		};
/* End PBXVariantGroup section */

/* Begin XCBuildConfiguration section */
		4C03106A2518ACF3002A38B0 /* Debug */ = {
			isa = XCBuildConfiguration;
			buildSettings = {
				ALWAYS_SEARCH_USER_PATHS = NO;
				CLANG_ANALYZER_NONNULL = YES;
				CLANG_ANALYZER_NUMBER_OBJECT_CONVERSION = YES_AGGRESSIVE;
				CLANG_CXX_LANGUAGE_STANDARD = "gnu++14";
				CLANG_CXX_LIBRARY = "libc++";
				CLANG_ENABLE_MODULES = YES;
				CLANG_ENABLE_OBJC_ARC = YES;
				CLANG_ENABLE_OBJC_WEAK = YES;
				CLANG_WARN_BLOCK_CAPTURE_AUTORELEASING = YES;
				CLANG_WARN_BOOL_CONVERSION = YES;
				CLANG_WARN_COMMA = YES;
				CLANG_WARN_CONSTANT_CONVERSION = YES;
				CLANG_WARN_DEPRECATED_OBJC_IMPLEMENTATIONS = YES;
				CLANG_WARN_DIRECT_OBJC_ISA_USAGE = YES_ERROR;
				CLANG_WARN_DOCUMENTATION_COMMENTS = YES;
				CLANG_WARN_EMPTY_BODY = YES;
				CLANG_WARN_ENUM_CONVERSION = YES;
				CLANG_WARN_INFINITE_RECURSION = YES;
				CLANG_WARN_INT_CONVERSION = YES;
				CLANG_WARN_NON_LITERAL_NULL_CONVERSION = YES;
				CLANG_WARN_OBJC_IMPLICIT_RETAIN_SELF = YES;
				CLANG_WARN_OBJC_LITERAL_CONVERSION = YES;
				CLANG_WARN_OBJC_ROOT_CLASS = YES_ERROR;
				CLANG_WARN_RANGE_LOOP_ANALYSIS = YES;
				CLANG_WARN_STRICT_PROTOTYPES = YES;
				CLANG_WARN_SUSPICIOUS_MOVE = YES;
				CLANG_WARN_UNGUARDED_AVAILABILITY = YES_AGGRESSIVE;
				CLANG_WARN_UNREACHABLE_CODE = YES;
				CLANG_WARN__DUPLICATE_METHOD_MATCH = YES;
				COPY_PHASE_STRIP = NO;
				DEBUG_INFORMATION_FORMAT = dwarf;
				ENABLE_STRICT_OBJC_MSGSEND = YES;
				ENABLE_TESTABILITY = YES;
				GCC_C_LANGUAGE_STANDARD = gnu11;
				GCC_DYNAMIC_NO_PIC = NO;
				GCC_NO_COMMON_BLOCKS = YES;
				GCC_OPTIMIZATION_LEVEL = 0;
				GCC_PREPROCESSOR_DEFINITIONS = (
					"DEBUG=1",
					"$(inherited)",
				);
				GCC_WARN_64_TO_32_BIT_CONVERSION = YES;
				GCC_WARN_ABOUT_RETURN_TYPE = YES_ERROR;
				GCC_WARN_UNDECLARED_SELECTOR = YES;
				GCC_WARN_UNINITIALIZED_AUTOS = YES_AGGRESSIVE;
				GCC_WARN_UNUSED_FUNCTION = YES;
				GCC_WARN_UNUSED_VARIABLE = YES;
				IPHONEOS_DEPLOYMENT_TARGET = 13.6;
				MTL_ENABLE_DEBUG_INFO = INCLUDE_SOURCE;
				MTL_FAST_MATH = YES;
				ONLY_ACTIVE_ARCH = YES;
				SDKROOT = iphoneos;
				SWIFT_ACTIVE_COMPILATION_CONDITIONS = DEBUG;
				SWIFT_OPTIMIZATION_LEVEL = "-Onone";
			};
			name = Debug;
		};
		4C03106B2518ACF3002A38B0 /* Release */ = {
			isa = XCBuildConfiguration;
			buildSettings = {
				ALWAYS_SEARCH_USER_PATHS = NO;
				CLANG_ANALYZER_NONNULL = YES;
				CLANG_ANALYZER_NUMBER_OBJECT_CONVERSION = YES_AGGRESSIVE;
				CLANG_CXX_LANGUAGE_STANDARD = "gnu++14";
				CLANG_CXX_LIBRARY = "libc++";
				CLANG_ENABLE_MODULES = YES;
				CLANG_ENABLE_OBJC_ARC = YES;
				CLANG_ENABLE_OBJC_WEAK = YES;
				CLANG_WARN_BLOCK_CAPTURE_AUTORELEASING = YES;
				CLANG_WARN_BOOL_CONVERSION = YES;
				CLANG_WARN_COMMA = YES;
				CLANG_WARN_CONSTANT_CONVERSION = YES;
				CLANG_WARN_DEPRECATED_OBJC_IMPLEMENTATIONS = YES;
				CLANG_WARN_DIRECT_OBJC_ISA_USAGE = YES_ERROR;
				CLANG_WARN_DOCUMENTATION_COMMENTS = YES;
				CLANG_WARN_EMPTY_BODY = YES;
				CLANG_WARN_ENUM_CONVERSION = YES;
				CLANG_WARN_INFINITE_RECURSION = YES;
				CLANG_WARN_INT_CONVERSION = YES;
				CLANG_WARN_NON_LITERAL_NULL_CONVERSION = YES;
				CLANG_WARN_OBJC_IMPLICIT_RETAIN_SELF = YES;
				CLANG_WARN_OBJC_LITERAL_CONVERSION = YES;
				CLANG_WARN_OBJC_ROOT_CLASS = YES_ERROR;
				CLANG_WARN_RANGE_LOOP_ANALYSIS = YES;
				CLANG_WARN_STRICT_PROTOTYPES = YES;
				CLANG_WARN_SUSPICIOUS_MOVE = YES;
				CLANG_WARN_UNGUARDED_AVAILABILITY = YES_AGGRESSIVE;
				CLANG_WARN_UNREACHABLE_CODE = YES;
				CLANG_WARN__DUPLICATE_METHOD_MATCH = YES;
				COPY_PHASE_STRIP = NO;
				DEBUG_INFORMATION_FORMAT = "dwarf-with-dsym";
				ENABLE_NS_ASSERTIONS = NO;
				ENABLE_STRICT_OBJC_MSGSEND = YES;
				GCC_C_LANGUAGE_STANDARD = gnu11;
				GCC_NO_COMMON_BLOCKS = YES;
				GCC_WARN_64_TO_32_BIT_CONVERSION = YES;
				GCC_WARN_ABOUT_RETURN_TYPE = YES_ERROR;
				GCC_WARN_UNDECLARED_SELECTOR = YES;
				GCC_WARN_UNINITIALIZED_AUTOS = YES_AGGRESSIVE;
				GCC_WARN_UNUSED_FUNCTION = YES;
				GCC_WARN_UNUSED_VARIABLE = YES;
				IPHONEOS_DEPLOYMENT_TARGET = 13.6;
				MTL_ENABLE_DEBUG_INFO = NO;
				MTL_FAST_MATH = YES;
				SDKROOT = iphoneos;
				SWIFT_COMPILATION_MODE = wholemodule;
				SWIFT_OPTIMIZATION_LEVEL = "-O";
				VALIDATE_PRODUCT = YES;
			};
			name = Release;
		};
		4C03106D2518ACF3002A38B0 /* Debug */ = {
			isa = XCBuildConfiguration;
			baseConfigurationReference = AA2902CF7E1748310867F140 /* Pods-GifSearchingApp.debug.xcconfig */;
			buildSettings = {
				ASSETCATALOG_COMPILER_APPICON_NAME = AppIcon;
				CODE_SIGN_STYLE = Automatic;
				DEVELOPMENT_TEAM = KT2XM3Z9DZ;
				INFOPLIST_FILE = GifSearchingApp/SupportingFiles/Info.plist;
				LD_RUNPATH_SEARCH_PATHS = (
					"$(inherited)",
					"@executable_path/Frameworks",
				);
				PRODUCT_BUNDLE_IDENTIFIER = yoonyoung.GifSearchingApp;
				PRODUCT_NAME = "$(TARGET_NAME)";
				SWIFT_VERSION = 5.0;
				TARGETED_DEVICE_FAMILY = "1,2";
			};
			name = Debug;
		};
		4C03106E2518ACF3002A38B0 /* Release */ = {
			isa = XCBuildConfiguration;
			baseConfigurationReference = C5B155986A2B61B4332AFEB8 /* Pods-GifSearchingApp.release.xcconfig */;
			buildSettings = {
				ASSETCATALOG_COMPILER_APPICON_NAME = AppIcon;
				CODE_SIGN_STYLE = Automatic;
				DEVELOPMENT_TEAM = KT2XM3Z9DZ;
				INFOPLIST_FILE = GifSearchingApp/SupportingFiles/Info.plist;
				LD_RUNPATH_SEARCH_PATHS = (
					"$(inherited)",
					"@executable_path/Frameworks",
				);
				PRODUCT_BUNDLE_IDENTIFIER = yoonyoung.GifSearchingApp;
				PRODUCT_NAME = "$(TARGET_NAME)";
				SWIFT_VERSION = 5.0;
				TARGETED_DEVICE_FAMILY = "1,2";
			};
			name = Release;
		};
		4C0310702518ACF3002A38B0 /* Debug */ = {
			isa = XCBuildConfiguration;
			baseConfigurationReference = FF6CD996E96EF35467F5C372 /* Pods-GifSearchingAppTests.debug.xcconfig */;
			buildSettings = {
				ALWAYS_EMBED_SWIFT_STANDARD_LIBRARIES = YES;
				BUNDLE_LOADER = "$(TEST_HOST)";
				CODE_SIGN_STYLE = Automatic;
				DEVELOPMENT_TEAM = KT2XM3Z9DZ;
				INFOPLIST_FILE = GifSearchingAppTests/Info.plist;
				IPHONEOS_DEPLOYMENT_TARGET = 13.6;
				LD_RUNPATH_SEARCH_PATHS = (
					"$(inherited)",
					"@executable_path/Frameworks",
					"@loader_path/Frameworks",
				);
				PRODUCT_BUNDLE_IDENTIFIER = yoonyoung.GifSearchingAppTests;
				PRODUCT_NAME = "$(TARGET_NAME)";
				SWIFT_VERSION = 5.0;
				TARGETED_DEVICE_FAMILY = "1,2";
				TEST_HOST = "$(BUILT_PRODUCTS_DIR)/GifSearchingApp.app/GifSearchingApp";
			};
			name = Debug;
		};
		4C0310712518ACF3002A38B0 /* Release */ = {
			isa = XCBuildConfiguration;
			baseConfigurationReference = 4B3F052B5830172B5C713533 /* Pods-GifSearchingAppTests.release.xcconfig */;
			buildSettings = {
				ALWAYS_EMBED_SWIFT_STANDARD_LIBRARIES = YES;
				BUNDLE_LOADER = "$(TEST_HOST)";
				CODE_SIGN_STYLE = Automatic;
				DEVELOPMENT_TEAM = KT2XM3Z9DZ;
				INFOPLIST_FILE = GifSearchingAppTests/Info.plist;
				IPHONEOS_DEPLOYMENT_TARGET = 13.6;
				LD_RUNPATH_SEARCH_PATHS = (
					"$(inherited)",
					"@executable_path/Frameworks",
					"@loader_path/Frameworks",
				);
				PRODUCT_BUNDLE_IDENTIFIER = yoonyoung.GifSearchingAppTests;
				PRODUCT_NAME = "$(TARGET_NAME)";
				SWIFT_VERSION = 5.0;
				TARGETED_DEVICE_FAMILY = "1,2";
				TEST_HOST = "$(BUILT_PRODUCTS_DIR)/GifSearchingApp.app/GifSearchingApp";
			};
			name = Release;
		};
/* End XCBuildConfiguration section */

/* Begin XCConfigurationList section */
		4C0310482518ACEE002A38B0 /* Build configuration list for PBXProject "GifSearchingApp" */ = {
			isa = XCConfigurationList;
			buildConfigurations = (
				4C03106A2518ACF3002A38B0 /* Debug */,
				4C03106B2518ACF3002A38B0 /* Release */,
			);
			defaultConfigurationIsVisible = 0;
			defaultConfigurationName = Release;
		};
		4C03106C2518ACF3002A38B0 /* Build configuration list for PBXNativeTarget "GifSearchingApp" */ = {
			isa = XCConfigurationList;
			buildConfigurations = (
				4C03106D2518ACF3002A38B0 /* Debug */,
				4C03106E2518ACF3002A38B0 /* Release */,
			);
			defaultConfigurationIsVisible = 0;
			defaultConfigurationName = Release;
		};
		4C03106F2518ACF3002A38B0 /* Build configuration list for PBXNativeTarget "GifSearchingAppTests" */ = {
			isa = XCConfigurationList;
			buildConfigurations = (
				4C0310702518ACF3002A38B0 /* Debug */,
				4C0310712518ACF3002A38B0 /* Release */,
			);
			defaultConfigurationIsVisible = 0;
			defaultConfigurationName = Release;
		};
/* End XCConfigurationList section */
	};
	rootObject = 4C0310452518ACEE002A38B0 /* Project object */;
}
